
Microsoft Visual Studio Solution File, Format Version 12.00
# Visual Studio Version 16
VisualStudioVersion = 16.0.30517.126
MinimumVisualStudioVersion = 10.0.40219.1
Project("{FAE04EC0-301F-11D3-BF4B-00C04F79EFBC}") = "DataFromFail", "DataFromFail\DataFromFail.csproj", "{577026F7-5B7D-4F75-8C2C-39A9F1ABACEB}"
EndProject
Project("{FAE04EC0-301F-11D3-BF4B-00C04F79EFBC}") = "Horoscope", "Horoscope\Horoscope.csproj", "{12CBE81E-4CD0-4B6F-9226-DE807B8A3B1B}"
EndProject
Project("{FAE04EC0-301F-11D3-BF4B-00C04F79EFBC}") = "chuck", "chuck\chuck.csproj", "{3B3A3912-485D-43AB-AB9C-65871E529B22}"
EndProject
Global
	GlobalSection(SolutionConfigurationPlatforms) = preSolution
		Debug|Any CPU = Debug|Any CPU
		Release|Any CPU = Release|Any CPU
	EndGlobalSection
	GlobalSection(ProjectConfigurationPlatforms) = postSolution
		{577026F7-5B7D-4F75-8C2C-39A9F1ABACEB}.Debug|Any CPU.ActiveCfg = Debug|Any CPU
		{577026F7-5B7D-4F75-8C2C-39A9F1ABACEB}.Debug|Any CPU.Build.0 = Debug|Any CPU
		{577026F7-5B7D-4F75-8C2C-39A9F1ABACEB}.Release|Any CPU.ActiveCfg = Release|Any CPU
		{577026F7-5B7D-4F75-8C2C-39A9F1ABACEB}.Release|Any CPU.Build.0 = Release|Any CPU
		{12CBE81E-4CD0-4B6F-9226-DE807B8A3B1B}.Debug|Any CPU.ActiveCfg = Debug|Any CPU
		{12CBE81E-4CD0-4B6F-9226-DE807B8A3B1B}.Debug|Any CPU.Build.0 = Debug|Any CPU
		{12CBE81E-4CD0-4B6F-9226-DE807B8A3B1B}.Release|Any CPU.ActiveCfg = Release|Any CPU
		{12CBE81E-4CD0-4B6F-9226-DE807B8A3B1B}.Release|Any CPU.Build.0 = Release|Any CPU
		{3B3A3912-485D-43AB-AB9C-65871E529B22}.Debug|Any CPU.ActiveCfg = Debug|Any CPU
		{3B3A3912-485D-43AB-AB9C-65871E529B22}.Debug|Any CPU.Build.0 = Debug|Any CPU
		{3B3A3912-485D-43AB-AB9C-65871E529B22}.Release|Any CPU.ActiveCfg = Release|Any CPU
		{3B3A3912-485D-43AB-AB9C-65871E529B22}.Release|Any CPU.Build.0 = Release|Any CPU
	EndGlobalSection
	GlobalSection(SolutionProperties) = preSolution
		HideSolutionNode = FALSE
	EndGlobalSection
	GlobalSection(ExtensibilityGlobals) = postSolution
		SolutionGuid = {843A2459-04F8-48A6-AF52-486057AC9055}
	EndGlobalSection
EndGlobal
